
Microsoft Visual Studio Solution File, Format Version 12.00
# Visual Studio Version 16
VisualStudioVersion = 16.0.31424.327
MinimumVisualStudioVersion = 10.0.40219.1
Project("{FAE04EC0-301F-11D3-BF4B-00C04F79EFBC}") = "DIP", "DIP\DIP.csproj", "{7FC8979C-96ED-440D-B519-8198FF3BA59E}"
EndProject
Global
	GlobalSection(SolutionConfigurationPlatforms) = preSolution
		Debug|Any CPU = Debug|Any CPU
		Release|Any CPU = Release|Any CPU
	EndGlobalSection
	GlobalSection(ProjectConfigurationPlatforms) = postSolution
		{7FC8979C-96ED-440D-B519-8198FF3BA59E}.Debug|Any CPU.ActiveCfg = Debug|Any CPU
		{7FC8979C-96ED-440D-B519-8198FF3BA59E}.Debug|Any CPU.Build.0 = Debug|Any CPU
		{7FC8979C-96ED-440D-B519-8198FF3BA59E}.Release|Any CPU.ActiveCfg = Release|Any CPU
		{7FC8979C-96ED-440D-B519-8198FF3BA59E}.Release|Any CPU.Build.0 = Release|Any CPU
	EndGlobalSection
	GlobalSection(SolutionProperties) = preSolution
		HideSolutionNode = FALSE
	EndGlobalSection
	GlobalSection(ExtensibilityGlobals) = postSolution
		SolutionGuid = {F8B14AE7-3090-4B19-AA3C-C16A8A35D70E}
	EndGlobalSection
EndGlobal
